
Microsoft Visual Studio Solution File, Format Version 12.00
# Visual Studio Version 17
VisualStudioVersion = 17.1.32228.430
MinimumVisualStudioVersion = 10.0.40219.1
Project("{9A19103F-16F7-4668-BE54-9A1E7A4F7556}") = "TestJBERSite", "TestJBERSite\TestJBERSite.csproj", "{B5ED532D-2379-4319-8122-9C0A86B11B60}"
EndProject
Project("{FAE04EC0-301F-11D3-BF4B-00C04F79EFBC}") = "TestJBERSite.test", "TestJBERSite.test\TestJBERSite.test.csproj", "{BB263D78-9E7B-4EA7-8A22-B0E6BC90A799}"
EndProject
Global
	GlobalSection(SolutionConfigurationPlatforms) = preSolution
		Debug|Any CPU = Debug|Any CPU
		Release|Any CPU = Release|Any CPU
	EndGlobalSection
	GlobalSection(ProjectConfigurationPlatforms) = postSolution
		{B5ED532D-2379-4319-8122-9C0A86B11B60}.Debug|Any CPU.ActiveCfg = Debug|Any CPU
		{B5ED532D-2379-4319-8122-9C0A86B11B60}.Debug|Any CPU.Build.0 = Debug|Any CPU
		{B5ED532D-2379-4319-8122-9C0A86B11B60}.Release|Any CPU.ActiveCfg = Release|Any CPU
		{B5ED532D-2379-4319-8122-9C0A86B11B60}.Release|Any CPU.Build.0 = Release|Any CPU
		{BB263D78-9E7B-4EA7-8A22-B0E6BC90A799}.Debug|Any CPU.ActiveCfg = Debug|Any CPU
		{BB263D78-9E7B-4EA7-8A22-B0E6BC90A799}.Debug|Any CPU.Build.0 = Debug|Any CPU
		{BB263D78-9E7B-4EA7-8A22-B0E6BC90A799}.Release|Any CPU.ActiveCfg = Release|Any CPU
		{BB263D78-9E7B-4EA7-8A22-B0E6BC90A799}.Release|Any CPU.Build.0 = Release|Any CPU
	EndGlobalSection
	GlobalSection(SolutionProperties) = preSolution
		HideSolutionNode = FALSE
	EndGlobalSection
	GlobalSection(ExtensibilityGlobals) = postSolution
		SolutionGuid = {14D5ADD2-D292-4E33-A3A9-21E6C23B5766}
	EndGlobalSection
EndGlobal
